<?xml version="1.0" encoding="utf-8"?>
<Project ToolsVersion="4.0" xmlns="http://schemas.microsoft.com/developer/msbuild/2003">
  <ItemGroup>
    <Filter Include="Source Files">
      <UniqueIdentifier>{4FC737F1-C7A5-4376-A066-2A32D752A2FF}</UniqueIdentifier>
      <Extensions>cpp;c;cc;cxx;def;odl;idl;hpj;bat;asm;asmx</Extensions>
    </Filter>
    <Filter Include="Header Files">
      <UniqueIdentifier>{93995380-89BD-4b04-88EB-625FBE52EBFB}</UniqueIdentifier>
      <Extensions>h;hh;hpp;hxx;hm;inl;inc;ipp;xsd</Extensions>
    </Filter>
    <Filter Include="Resource Files">
      <UniqueIdentifier>{67DA6AB6-F800-4c08-8B7A-83BB121AAD01}</UniqueIdentifier>
      <Extensions>rc;ico;cur;bmp;dlg;rc2;rct;bin;rgs;gif;jpg;jpeg;jpe;resx;tiff;tif;png;wav;mfcribbon-ms</Extensions>
    </Filter>
    <Filter Include="crypto">
      <UniqueIdentifier>{c39f9bf4-37ad-4dc7-a748-0eb2079c7e1a}</UniqueIdentifier>
    </Filter>
    <Filter Include="curve25519">
      <UniqueIdentifier>{18ffff14-b5bb-433d-ae59-8dc8d0a470bb}</UniqueIdentifier>
    </Filter>
    <Filter Include="ed25519">
      <UniqueIdentifier>{ef34a2d4-32f6-49ab-b33d-169766e5e1c2}</UniqueIdentifier>
    </Filter>
    <Filter Include="playfair">
      <UniqueIdentifier>{dd01b731-ba1e-4a26-985c-f8d1928aeee0}</UniqueIdentifier>
    </Filter>
    <Filter Include="plist">
      <UniqueIdentifier>{61df5b8a-db68-42dc-9781-9572a10f8d1f}</UniqueIdentifier>
    </Filter>
    <Filter Include="airplay">
      <UniqueIdentifier>{c9a139b4-92b2-415d-83b0-12f4c5e23244}</UniqueIdentifier>
    </Filter>
    <Filter Include="include">
      <UniqueIdentifier>{5618df88-453e-4b2f-bae7-bcc0ac40d717}</UniqueIdentifier>
    </Filter>
  </ItemGroup>
  <ItemGroup>
    <ClInclude Include="lib\crypto\bigint.h">
      <Filter>crypto</Filter>
    </ClInclude>
    <ClInclude Include="lib\crypto\bigint_impl.h">
      <Filter>crypto</Filter>
    </ClInclude>
    <ClInclude Include="lib\crypto\config.h">
      <Filter>crypto</Filter>
    </ClInclude>
    <ClInclude Include="lib\crypto\crypto.h">
      <Filter>crypto</Filter>
    </ClInclude>
    <ClInclude Include="lib\crypto\os_port.h">
      <Filter>crypto</Filter>
    </ClInclude>
    <ClInclude Include="lib\curve25519\curve25519.h">
      <Filter>curve25519</Filter>
    </ClInclude>
    <ClInclude Include="lib\ed25519\ed25519.h">
      <Filter>ed25519</Filter>
    </ClInclude>
    <ClInclude Include="lib\ed25519\fe.h">
      <Filter>ed25519</Filter>
    </ClInclude>
    <ClInclude Include="lib\ed25519\fixedint.h">
      <Filter>ed25519</Filter>
    </ClInclude>
    <ClInclude Include="lib\ed25519\ge.h">
      <Filter>ed25519</Filter>
    </ClInclude>
    <ClInclude Include="lib\ed25519\precomp_data.h">
      <Filter>ed25519</Filter>
    </ClInclude>
    <ClInclude Include="lib\ed25519\sc.h">
      <Filter>ed25519</Filter>
    </ClInclude>
    <ClInclude Include="lib\ed25519\sha512.h">
      <Filter>ed25519</Filter>
    </ClInclude>
    <ClInclude Include="lib\playfair\omg_hax.h">
      <Filter>playfair</Filter>
    </ClInclude>
    <ClInclude Include="lib\playfair\playfair.h">
      <Filter>playfair</Filter>
    </ClInclude>
    <ClInclude Include="lib\aes.h">
      <Filter>airplay</Filter>
    </ClInclude>
    <ClInclude Include="lib\aes.hpp">
      <Filter>airplay</Filter>
    </ClInclude>
    <ClInclude Include="lib\aes_ctr.h">
      <Filter>airplay</Filter>
    </ClInclude>
    <ClInclude Include="lib\byteutils.h">
      <Filter>airplay</Filter>
    </ClInclude>
    <ClInclude Include="lib\compat.h">
      <Filter>airplay</Filter>
    </ClInclude>
    <ClInclude Include="lib\fairplay.h">
      <Filter>airplay</Filter>
    </ClInclude>
    <ClInclude Include="lib\global.h">
      <Filter>airplay</Filter>
    </ClInclude>
    <ClInclude Include="lib\http_parser.h">
      <Filter>airplay</Filter>
    </ClInclude>
    <ClInclude Include="lib\http_request.h">
      <Filter>airplay</Filter>
    </ClInclude>
    <ClInclude Include="lib\http_response.h">
      <Filter>airplay</Filter>
    </ClInclude>
    <ClInclude Include="lib\httpd.h">
      <Filter>airplay</Filter>
    </ClInclude>
    <ClInclude Include="lib\logger.h">
      <Filter>airplay</Filter>
    </ClInclude>
    <ClInclude Include="lib\memalign.h">
      <Filter>airplay</Filter>
    </ClInclude>
    <ClInclude Include="lib\mirror_buffer.h">
      <Filter>airplay</Filter>
    </ClInclude>
    <ClInclude Include="lib\netutils.h">
      <Filter>airplay</Filter>
    </ClInclude>
    <ClInclude Include="lib\pairing.h">
      <Filter>airplay</Filter>
    </ClInclude>
	<ClInclude Include="lib\pinpair.h">
	  <Filter>airplay</Filter>
	</ClInclude>
    <ClInclude Include="lib\plist.h">
      <Filter>airplay</Filter>
    </ClInclude>
    <ClInclude Include="lib\raop_buffer.h">
      <Filter>airplay</Filter>
    </ClInclude>
    <ClInclude Include="lib\raop_handlers.h">
      <Filter>airplay</Filter>
    </ClInclude>
    <ClInclude Include="lib\raop_rtp.h">
      <Filter>airplay</Filter>
    </ClInclude>
    <ClInclude Include="lib\raop_rtp_mirror.h">
      <Filter>airplay</Filter>
    </ClInclude>
    <ClInclude Include="lib\sockets.h">
      <Filter>airplay</Filter>
    </ClInclude>
    <ClInclude Include="lib\threads.h">
      <Filter>airplay</Filter>
    </ClInclude>
    <ClInclude Include="include\airplay.h">
      <Filter>include</Filter>
    </ClInclude>
    <ClInclude Include="include\dnssd.h">
      <Filter>include</Filter>
    </ClInclude>
    <ClInclude Include="include\raop.h">
      <Filter>include</Filter>
    </ClInclude>
    <ClInclude Include="include\stream.h">
      <Filter>include</Filter>
    </ClInclude>
    <ClInclude Include="lib\dnssdint.h">
      <Filter>airplay</Filter>
    </ClInclude>
    <ClInclude Include="lib\utils.h">
      <Filter>airplay</Filter>
    </ClInclude>
    <ClInclude Include="lib\rsakey.h">
      <Filter>airplay</Filter>
    </ClInclude>
    <ClInclude Include="lib\sdp.h">
      <Filter>airplay</Filter>
    </ClInclude>
    <ClInclude Include="lib\digest.h">
      <Filter>airplay</Filter>
    </ClInclude>
    <ClInclude Include="lib\rsapem.h">
      <Filter>airplay</Filter>
    </ClInclude>
    <ClInclude Include="lib\base64.h">
      <Filter>Header Files</Filter>
    </ClInclude>
    <ClInclude Include="lib\airplay_handlers.h">
      <Filter>airplay</Filter>
    </ClInclude>
  </ItemGroup>
  <ItemGroup>
    <ClCompile Include="airplay2.cpp">
      <Filter>Source Files</Filter>
    </ClCompile>
    <ClCompile Include="lib\crypto\aes.c">
      <Filter>crypto</Filter>
    </ClCompile>
    <ClCompile Include="lib\crypto\bigint.c">
      <Filter>crypto</Filter>
    </ClCompile>
    <ClCompile Include="lib\crypto\hmac.c">
      <Filter>crypto</Filter>
    </ClCompile>
    <ClCompile Include="lib\crypto\md5.c">
      <Filter>crypto</Filter>
    </ClCompile>
    <ClCompile Include="lib\crypto\rc4.c">
      <Filter>crypto</Filter>
    </ClCompile>
    <ClCompile Include="lib\crypto\sha1.c">
      <Filter>crypto</Filter>
    </ClCompile>
    <ClCompile Include="lib\curve25519\curve25519-donna.c">
      <Filter>curve25519</Filter>
    </ClCompile>
    <ClCompile Include="lib\ed25519\add_scalar.c">
      <Filter>ed25519</Filter>
    </ClCompile>
    <ClCompile Include="lib\ed25519\fe.c">
      <Filter>ed25519</Filter>
    </ClCompile>
    <ClCompile Include="lib\ed25519\ge.c">
      <Filter>ed25519</Filter>
    </ClCompile>
    <ClCompile Include="lib\ed25519\key_exchange.c">
      <Filter>ed25519</Filter>
    </ClCompile>
    <ClCompile Include="lib\ed25519\keypair.c">
      <Filter>ed25519</Filter>
    </ClCompile>
    <ClCompile Include="lib\ed25519\sc.c">
      <Filter>ed25519</Filter>
    </ClCompile>
    <ClCompile Include="lib\ed25519\seed.c">
      <Filter>ed25519</Filter>
    </ClCompile>
    <ClCompile Include="lib\ed25519\sha512.c">
      <Filter>ed25519</Filter>
    </ClCompile>
    <ClCompile Include="lib\ed25519\sign.c">
      <Filter>ed25519</Filter>
    </ClCompile>
    <ClCompile Include="lib\ed25519\verify.c">
      <Filter>ed25519</Filter>
    </ClCompile>
    <ClCompile Include="lib\playfair\hand_garble.c">
      <Filter>playfair</Filter>
    </ClCompile>
    <ClCompile Include="lib\playfair\modified_md5.c">
      <Filter>playfair</Filter>
    </ClCompile>
    <ClCompile Include="lib\playfair\omg_hax.c">
      <Filter>playfair</Filter>
    </ClCompile>
    <ClCompile Include="lib\playfair\playfair.c">
      <Filter>playfair</Filter>
    </ClCompile>
    <ClCompile Include="lib\playfair\sap_hash.c">
      <Filter>playfair</Filter>
    </ClCompile>
    <ClCompile Include="lib\aes_ctr.c">
      <Filter>airplay</Filter>
    </ClCompile>
    <ClCompile Include="lib\byteutils.c">
      <Filter>airplay</Filter>
    </ClCompile>
    <ClCompile Include="lib\fairplay_playfair.c">
      <Filter>airplay</Filter>
    </ClCompile>
    <ClCompile Include="lib\http_parser.c">
      <Filter>airplay</Filter>
    </ClCompile>
    <ClCompile Include="lib\http_request.c">
      <Filter>airplay</Filter>
    </ClCompile>
    <ClCompile Include="lib\http_response.c">
      <Filter>airplay</Filter>
    </ClCompile>
    <ClCompile Include="lib\httpd.c">
      <Filter>airplay</Filter>
    </ClCompile>
    <ClCompile Include="lib\logger.c">
      <Filter>airplay</Filter>
    </ClCompile>
    <ClCompile Include="lib\mirror_buffer.c">
      <Filter>airplay</Filter>
    </ClCompile>
    <ClCompile Include="lib\netutils.c">
      <Filter>airplay</Filter>
    </ClCompile>
    <ClCompile Include="lib\pairing.c">
      <Filter>airplay</Filter>
    </ClCompile>
	<ClCompile Include="lib\pinpair.c">
	  <Filter>airplay</Filter>
	</ClCompile>
    <ClCompile Include="lib\plist.c">
      <Filter>airplay</Filter>
    </ClCompile>
    <ClCompile Include="lib\raop.c">
      <Filter>airplay</Filter>
    </ClCompile>
    <ClCompile Include="lib\raop_buffer.c">
      <Filter>airplay</Filter>
    </ClCompile>
    <ClCompile Include="lib\raop_rtp.c">
      <Filter>airplay</Filter>
    </ClCompile>
    <ClCompile Include="lib\raop_rtp_mirror.c">
      <Filter>airplay</Filter>
    </ClCompile>
    <ClCompile Include="lib\aes2.c">
      <Filter>airplay</Filter>
    </ClCompile>
    <ClCompile Include="lib\airplay.c">
      <Filter>airplay</Filter>
    </ClCompile>
    <ClCompile Include="lib\dnssd.c">
      <Filter>airplay</Filter>
    </ClCompile>
    <ClCompile Include="lib\utils.c">
      <Filter>airplay</Filter>
    </ClCompile>
    <ClCompile Include="lib\rsakey.c">
      <Filter>airplay</Filter>
    </ClCompile>
    <ClCompile Include="lib\sdp.c">
      <Filter>airplay</Filter>
    </ClCompile>
    <ClCompile Include="lib\digest.c">
      <Filter>airplay</Filter>
    </ClCompile>
    <ClCompile Include="lib\rsapem.c">
      <Filter>airplay</Filter>
    </ClCompile>
    <ClCompile Include="lib\base64.c">
      <Filter>Source Files</Filter>
    </ClCompile>
    <ClCompile Include="compat.c">
      <Filter>airplay</Filter>
    </ClCompile>
  </ItemGroup>
  <ItemGroup>
    <Text Include="lib\crypto\CMakeLists.txt">
      <Filter>crypto</Filter>
    </Text>
    <Text Include="lib\curve25519\CMakeLists.txt">
      <Filter>curve25519</Filter>
    </Text>
    <Text Include="lib\ed25519\CMakeLists.txt">
      <Filter>ed25519</Filter>
    </Text>
    <Text Include="lib\playfair\CMakeLists.txt">
      <Filter>playfair</Filter>
    </Text>
    <Text Include="lib\CMakeLists.txt">
      <Filter>airplay</Filter>
    </Text>
  </ItemGroup>
  <ItemGroup>
    <None Include="lib\playfair\LICENSE.md">
      <Filter>playfair</Filter>
    </None>
  </ItemGroup>
</Project>
